
Microsoft Visual Studio Solution File, Format Version 12.00
# Visual Studio Version 16
VisualStudioVersion = 16.0.32228.343
MinimumVisualStudioVersion = 10.0.40219.1
Project("{FAE04EC0-301F-11D3-BF4B-00C04F79EFBC}") = "Analyze.Databases", "Databases\Analyze.Databases.csproj", "{62468B8B-794E-4761-9619-2C6E15300EFD}"
EndProject
Project("{FAE04EC0-301F-11D3-BF4B-00C04F79EFBC}") = "Analyze.Filesystems", "Filesystems\Analyze.Filesystems.csproj", "{34C20F6C-61AA-44EA-825F-72E27B53088D}"
EndProject
Global
	GlobalSection(SolutionConfigurationPlatforms) = preSolution
		Debug|Any CPU = Debug|Any CPU
		Release|Any CPU = Release|Any CPU
	EndGlobalSection
	GlobalSection(ProjectConfigurationPlatforms) = postSolution
		{62468B8B-794E-4761-9619-2C6E15300EFD}.Debug|Any CPU.ActiveCfg = Debug|Any CPU
		{62468B8B-794E-4761-9619-2C6E15300EFD}.Debug|Any CPU.Build.0 = Debug|Any CPU
		{62468B8B-794E-4761-9619-2C6E15300EFD}.Release|Any CPU.ActiveCfg = Release|Any CPU
		{62468B8B-794E-4761-9619-2C6E15300EFD}.Release|Any CPU.Build.0 = Release|Any CPU
		{34C20F6C-61AA-44EA-825F-72E27B53088D}.Debug|Any CPU.ActiveCfg = Debug|Any CPU
		{34C20F6C-61AA-44EA-825F-72E27B53088D}.Debug|Any CPU.Build.0 = Debug|Any CPU
		{34C20F6C-61AA-44EA-825F-72E27B53088D}.Release|Any CPU.ActiveCfg = Release|Any CPU
		{34C20F6C-61AA-44EA-825F-72E27B53088D}.Release|Any CPU.Build.0 = Release|Any CPU
	EndGlobalSection
	GlobalSection(SolutionProperties) = preSolution
		HideSolutionNode = FALSE
	EndGlobalSection
	GlobalSection(ExtensibilityGlobals) = postSolution
		SolutionGuid = {F9AAB65A-67B2-4624-8182-73A1ACEA655D}
	EndGlobalSection
EndGlobal
